
Microsoft Visual Studio Solution File, Format Version 12.00
# Visual Studio Version 17
VisualStudioVersion = 17.5.33414.496
MinimumVisualStudioVersion = 10.0.40219.1
Project("{9A19103F-16F7-4668-BE54-9A1E7A4F7556}") = "Keranjan", "TubesKPL\Keranjan.csproj", "{11F4F2F8-7B15-48CC-9503-9966379CB04E}"
EndProject
Project("{9A19103F-16F7-4668-BE54-9A1E7A4F7556}") = "Matematika", "Matematika\Matematika.csproj", "{3A96046D-C328-4681-B287-94985E3BA7AF}"
EndProject
Project("{FAE04EC0-301F-11D3-BF4B-00C04F79EFBC}") = "TestProject1", "TestProject1\TestProject1.csproj", "{807B89F4-5AD5-4E99-A1CC-B6DA2838A173}"
EndProject
Global
	GlobalSection(SolutionConfigurationPlatforms) = preSolution
		Debug|Any CPU = Debug|Any CPU
		Release|Any CPU = Release|Any CPU
	EndGlobalSection
	GlobalSection(ProjectConfigurationPlatforms) = postSolution
		{11F4F2F8-7B15-48CC-9503-9966379CB04E}.Debug|Any CPU.ActiveCfg = Debug|Any CPU
		{11F4F2F8-7B15-48CC-9503-9966379CB04E}.Debug|Any CPU.Build.0 = Debug|Any CPU
		{11F4F2F8-7B15-48CC-9503-9966379CB04E}.Release|Any CPU.ActiveCfg = Release|Any CPU
		{11F4F2F8-7B15-48CC-9503-9966379CB04E}.Release|Any CPU.Build.0 = Release|Any CPU
		{3A96046D-C328-4681-B287-94985E3BA7AF}.Debug|Any CPU.ActiveCfg = Debug|Any CPU
		{3A96046D-C328-4681-B287-94985E3BA7AF}.Debug|Any CPU.Build.0 = Debug|Any CPU
		{3A96046D-C328-4681-B287-94985E3BA7AF}.Release|Any CPU.ActiveCfg = Release|Any CPU
		{3A96046D-C328-4681-B287-94985E3BA7AF}.Release|Any CPU.Build.0 = Release|Any CPU
		{807B89F4-5AD5-4E99-A1CC-B6DA2838A173}.Debug|Any CPU.ActiveCfg = Debug|Any CPU
		{807B89F4-5AD5-4E99-A1CC-B6DA2838A173}.Debug|Any CPU.Build.0 = Debug|Any CPU
		{807B89F4-5AD5-4E99-A1CC-B6DA2838A173}.Release|Any CPU.ActiveCfg = Release|Any CPU
		{807B89F4-5AD5-4E99-A1CC-B6DA2838A173}.Release|Any CPU.Build.0 = Release|Any CPU
	EndGlobalSection
	GlobalSection(SolutionProperties) = preSolution
		HideSolutionNode = FALSE
	EndGlobalSection
	GlobalSection(ExtensibilityGlobals) = postSolution
		SolutionGuid = {514F50D7-DFFE-4923-90E5-11FD0FEE0EEF}
	EndGlobalSection
EndGlobal
